// !$*UTF8*$!
{
	archiveVersion = 1;
	classes = {
	};
	objectVersion = 46;
	objects = {

/* Begin PBXBuildFile section */
		98260FED1F4358FD00A37129 /* AppDelegate.swift in Sources */ = {isa = PBXBuildFile; fileRef = 98260FEC1F4358FD00A37129 /* AppDelegate.swift */; };
		98260FEF1F4358FD00A37129 /* ViewController.swift in Sources */ = {isa = PBXBuildFile; fileRef = 98260FEE1F4358FD00A37129 /* ViewController.swift */; };
		98260FF21F4358FD00A37129 /* Main.storyboard in Resources */ = {isa = PBXBuildFile; fileRef = 98260FF01F4358FD00A37129 /* Main.storyboard */; };
		98260FF41F4358FD00A37129 /* Assets.xcassets in Resources */ = {isa = PBXBuildFile; fileRef = 98260FF31F4358FD00A37129 /* Assets.xcassets */; };
		98260FF71F4358FD00A37129 /* LaunchScreen.storyboard in Resources */ = {isa = PBXBuildFile; fileRef = 98260FF51F4358FD00A37129 /* LaunchScreen.storyboard */; };
/* End PBXBuildFile section */

/* Begin PBXFileReference section */
		98260FE91F4358FD00A37129 /* dateTest.app */ = {isa = PBXFileReference; explicitFileType = wrapper.application; includeInIndex = 0; path = dateTest.app; sourceTree = BUILT_PRODUCTS_DIR; };
		98260FEC1F4358FD00A37129 /* AppDelegate.swift */ = {isa = PBXFileReference; lastKnownFileType = sourcecode.swift; path = AppDelegate.swift; sourceTree = "<group>"; };
		98260FEE1F4358FD00A37129 /* ViewController.swift */ = {isa = PBXFileReference; lastKnownFileType = sourcecode.swift; path = ViewController.swift; sourceTree = "<group>"; };
		98260FF11F4358FD00A37129 /* Base */ = {isa = PBXFileReference; lastKnownFileType = file.storyboard; name = Base; path = Base.lproj/Main.storyboard; sourceTree = "<group>"; };
		98260FF31F4358FD00A37129 /* Assets.xcassets */ = {isa = PBXFileReference; lastKnownFileType = folder.assetcatalog; path = Assets.xcassets; sourceTree = "<group>"; };
		98260FF61F4358FD00A37129 /* Base */ = {isa = PBXFileReference; lastKnownFileType = file.storyboard; name = Base; path = Base.lproj/LaunchScreen.storyboard; sourceTree = "<group>"; };
		98260FF81F4358FD00A37129 /* Info.plist */ = {isa = PBXFileReference; lastKnownFileType = text.plist.xml; path = Info.plist; sourceTree = "<group>"; };
/* End PBXFileReference section */

/* Begin PBXFrameworksBuildPhase section */
		98260FE61F4358FD00A37129 /* Frameworks */ = {
			isa = PBXFrameworksBuildPhase;
			buildActionMask = 2147483647;
			files = (
			);
			runOnlyForDeploymentPostprocessing = 0;
		};
/* End PBXFrameworksBuildPhase section */

/* Begin PBXGroup section */
		98260FE01F4358FD00A37129 = {
			isa = PBXGroup;
			children = (
				98260FEB1F4358FD00A37129 /* dateTest */,
				98260FEA1F4358FD00A37129 /* Products */,
			);
			sourceTree = "<group>";
		};
		98260FEA1F4358FD00A37129 /* Products */ = {
			isa = PBXGroup;
			children = (
				98260FE91F4358FD00A37129 /* dateTest.app */,
			);
			name = Products;
			sourceTree = "<group>";
		};
		98260FEB1F4358FD00A37129 /* dateTest */ = {
			isa = PBXGroup;
			children = (
				98260FEC1F4358FD00A37129 /* AppDelegate.swift */,
				98260FEE1F4358FD00A37129 /* ViewController.swift */,
				98260FF01F4358FD00A37129 /* Main.storyboard */,
				98260FF31F4358FD00A37129 /* Assets.xcassets */,
				98260FF51F4358FD00A37129 /* LaunchScreen.storyboard */,
				98260FF81F4358FD00A37129 /* Info.plist */,
			);
			path = dateTest;
			sourceTree = "<group>";
		};
/* End PBXGroup section */

/* Begin PBXNativeTarget section */
		98260FE81F4358FD00A37129 /* dateTest */ = {
			isa = PBXNativeTarget;
			buildConfigurationList = 98260FFB1F4358FD00A37129 /* Build configuration list for PBXNativeTarget "dateTest" */;
			buildPhases = (
				98260FE51F4358FD00A37129 /* Sources */,
				98260FE61F4358FD00A37129 /* Frameworks */,
				98260FE71F4358FD00A37129 /* Resources */,
			);
			buildRules = (
			);
			dependencies = (
			);
			name = dateTest;
			productName = dateTest;
			productReference = 98260FE91F4358FD00A37129 /* dateTest.app */;
			productType = "com.apple.product-type.application";
		};
/* End PBXNativeTarget section */

/* Begin PBXProject section */
		98260FE11F4358FD00A37129 /* Project object */ = {
			isa = PBXProject;
			attributes = {
				LastSwiftUpdateCheck = 0830;
				LastUpgradeCheck = 0830;
				ORGANIZATIONNAME = "Jack Ngai";
				TargetAttributes = {
					98260FE81F4358FD00A37129 = {
						CreatedOnToolsVersion = 8.3.3;
						DevelopmentTeam = 56SGSJ5YCY;
						ProvisioningStyle = Automatic;
					};
				};
			};
			buildConfigurationList = 98260FE41F4358FD00A37129 /* Build configuration list for PBXProject "dateTest" */;
			compatibilityVersion = "Xcode 3.2";
			developmentRegion = English;
			hasScannedForEncodings = 0;
			knownRegions = (
				en,
				Base,
			);
			mainGroup = 98260FE01F4358FD00A37129;
			productRefGroup = 98260FEA1F4358FD00A37129 /* Products */;
			projectDirPath = "";
			projectRoot = "";
			targets = (
				98260FE81F4358FD00A37129 /* dateTest */,
			);
		};
/* End PBXProject section */

/* Begin PBXResourcesBuildPhase section */
		98260FE71F4358FD00A37129 /* Resources */ = {
			isa = PBXResourcesBuildPhase;
			buildActionMask = 2147483647;
			files = (
				98260FF71F4358FD00A37129 /* LaunchScreen.storyboard in Resources */,
				98260FF41F4358FD00A37129 /* Assets.xcassets in Resources */,
				98260FF21F4358FD00A37129 /* Main.storyboard in Resources */,
			);
			runOnlyForDeploymentPostprocessing = 0;
		};
/* End PBXResourcesBuildPhase section */

/* Begin PBXSourcesBuildPhase section */
		98260FE51F4358FD00A37129 /* Sources */ = {
			isa = PBXSourcesBuildPhase;
			buildActionMask = 2147483647;
			files = (
				98260FEF1F4358FD00A37129 /* ViewController.swift in Sources */,
				98260FED1F4358FD00A37129 /* AppDelegate.swift in Sources */,
			);
			runOnlyForDeploymentPostprocessing = 0;
		};
/* End PBXSourcesBuildPhase section */

/* Begin PBXVariantGroup section */
		98260FF01F4358FD00A37129 /* Main.storyboard */ = {
			isa = PBXVariantGroup;
			children = (
				98260FF11F4358FD00A37129 /* Base */,
			);
			name = Main.storyboard;
			sourceTree = "<group>";
		};
		98260FF51F4358FD00A37129 /* LaunchScreen.storyboard */ = {
			isa = PBXVariantGroup;
			children = (
				98260FF61F4358FD00A37129 /* Base */,
			);
			name = LaunchScreen.storyboard;
			sourceTree = "<group>";
		};
/* End PBXVariantGroup section */

/* Begin XCBuildConfiguration section */
		98260FF91F4358FD00A37129 /* Debug */ = {
			isa = XCBuildConfiguration;
			buildSettings = {
				ALWAYS_SEARCH_USER_PATHS = NO;
				CLANG_ANALYZER_NONNULL = YES;
				CLANG_ANALYZER_NUMBER_OBJECT_CONVERSION = YES_AGGRESSIVE;
				CLANG_CXX_LANGUAGE_STANDARD = "gnu++0x";
				CLANG_CXX_LIBRARY = "libc++";
				CLANG_ENABLE_MODULES = YES;
				CLANG_ENABLE_OBJC_ARC = YES;
				CLANG_WARN_BOOL_CONVERSION = YES;
				CLANG_WARN_CONSTANT_CONVERSION = YES;
				CLANG_WARN_DIRECT_OBJC_ISA_USAGE = YES_ERROR;
				CLANG_WARN_DOCUMENTATION_COMMENTS = YES;
				CLANG_WARN_EMPTY_BODY = YES;
				CLANG_WARN_ENUM_CONVERSION = YES;
				CLANG_WARN_INFINITE_RECURSION = YES;
				CLANG_WARN_INT_CONVERSION = YES;
				CLANG_WARN_OBJC_ROOT_CLASS = YES_ERROR;
				CLANG_WARN_SUSPICIOUS_MOVE = YES;
				CLANG_WARN_UNREACHABLE_CODE = YES;
				CLANG_WARN__DUPLICATE_METHOD_MATCH = YES;
				"CODE_SIGN_IDENTITY[sdk=iphoneos*]" = "iPhone Developer";
				COPY_PHASE_STRIP = NO;
				DEBUG_INFORMATION_FORMAT = dwarf;
				ENABLE_STRICT_OBJC_MSGSEND = YES;
				ENABLE_TESTABILITY = YES;
				GCC_C_LANGUAGE_STANDARD = gnu99;
				GCC_DYNAMIC_NO_PIC = NO;
				GCC_NO_COMMON_BLOCKS = YES;
				GCC_OPTIMIZATION_LEVEL = 0;
				GCC_PREPROCESSOR_DEFINITIONS = (
					"DEBUG=1",
					"$(inherited)",
				);
				GCC_WARN_64_TO_32_BIT_CONVERSION = YES;
				GCC_WARN_ABOUT_RETURN_TYPE = YES_ERROR;
				GCC_WARN_UNDECLARED_SELECTOR = YES;
				GCC_WARN_UNINITIALIZED_AUTOS = YES_AGGRESSIVE;
				GCC_WARN_UNUSED_FUNCTION = YES;
				GCC_WARN_UNUSED_VARIABLE = YES;
				IPHONEOS_DEPLOYMENT_TARGET = 10.3;
				MTL_ENABLE_DEBUG_INFO = YES;
				ONLY_ACTIVE_ARCH = YES;
				SDKROOT = iphoneos;
				SWIFT_ACTIVE_COMPILATION_CONDITIONS = DEBUG;
				SWIFT_OPTIMIZATION_LEVEL = "-Onone";
				TARGETED_DEVICE_FAMILY = "1,2";
			};
			name = Debug;
		};
		98260FFA1F4358FD00A37129 /* Release */ = {
			isa = XCBuildConfiguration;
			buildSettings = {
				ALWAYS_SEARCH_USER_PATHS = NO;
				CLANG_ANALYZER_NONNULL = YES;
				CLANG_ANALYZER_NUMBER_OBJECT_CONVERSION = YES_AGGRESSIVE;
				CLANG_CXX_LANGUAGE_STANDARD = "gnu++0x";
				CLANG_CXX_LIBRARY = "libc++";
				CLANG_ENABLE_MODULES = YES;
				CLANG_ENABLE_OBJC_ARC = YES;
				CLANG_WARN_BOOL_CONVERSION = YES;
				CLANG_WARN_CONSTANT_CONVERSION = YES;
				CLANG_WARN_DIRECT_OBJC_ISA_USAGE = YES_ERROR;
				CLANG_WARN_DOCUMENTATION_COMMENTS = YES;
				CLANG_WARN_EMPTY_BODY = YES;
				CLANG_WARN_ENUM_CONVERSION = YES;
				CLANG_WARN_INFINITE_RECURSION = YES;
				CLANG_WARN_INT_CONVERSION = YES;
				CLANG_WARN_OBJC_ROOT_CLASS = YES_ERROR;
				CLANG_WARN_SUSPICIOUS_MOVE = YES;
				CLANG_WARN_UNREACHABLE_CODE = YES;
				CLANG_WARN__DUPLICATE_METHOD_MATCH = YES;
				"CODE_SIGN_IDENTITY[sdk=iphoneos*]" = "iPhone Developer";
				COPY_PHASE_STRIP = NO;
				DEBUG_INFORMATION_FORMAT = "dwarf-with-dsym";
				ENABLE_NS_ASSERTIONS = NO;
				ENABLE_STRICT_OBJC_MSGSEND = YES;
				GCC_C_LANGUAGE_STANDARD = gnu99;
				GCC_NO_COMMON_BLOCKS = YES;
				GCC_WARN_64_TO_32_BIT_CONVERSION = YES;
				GCC_WARN_ABOUT_RETURN_TYPE = YES_ERROR;
				GCC_WARN_UNDECLARED_SELECTOR = YES;
				GCC_WARN_UNINITIALIZED_AUTOS = YES_AGGRESSIVE;
				GCC_WARN_UNUSED_FUNCTION = YES;
				GCC_WARN_UNUSED_VARIABLE = YES;
				IPHONEOS_DEPLOYMENT_TARGET = 10.3;
				MTL_ENABLE_DEBUG_INFO = NO;
				SDKROOT = iphoneos;
				SWIFT_OPTIMIZATION_LEVEL = "-Owholemodule";
				TARGETED_DEVICE_FAMILY = "1,2";
				VALIDATE_PRODUCT = YES;
			};
			name = Release;
		};
		98260FFC1F4358FD00A37129 /* Debug */ = {
			isa = XCBuildConfiguration;
			buildSettings = {
				ASSETCATALOG_COMPILER_APPICON_NAME = AppIcon;
				DEVELOPMENT_TEAM = 56SGSJ5YCY;
				INFOPLIST_FILE = dateTest/Info.plist;
				LD_RUNPATH_SEARCH_PATHS = "$(inherited) @executable_path/Frameworks";
				PRODUCT_BUNDLE_IDENTIFIER = com.jackngai.dateTest;
				PRODUCT_NAME = "$(TARGET_NAME)";
				SWIFT_VERSION = 3.0;
			};
			name = Debug;
		};
		98260FFD1F4358FD00A37129 /* Release */ = {
			isa = XCBuildConfiguration;
			buildSettings = {
				ASSETCATALOG_COMPILER_APPICON_NAME = AppIcon;
				DEVELOPMENT_TEAM = 56SGSJ5YCY;
				INFOPLIST_FILE = dateTest/Info.plist;
				LD_RUNPATH_SEARCH_PATHS = "$(inherited) @executable_path/Frameworks";
				PRODUCT_BUNDLE_IDENTIFIER = com.jackngai.dateTest;
				PRODUCT_NAME = "$(TARGET_NAME)";
				SWIFT_VERSION = 3.0;
			};
			name = Release;
		};
/* End XCBuildConfiguration section */

/* Begin XCConfigurationList section */
		98260FE41F4358FD00A37129 /* Build configuration list for PBXProject "dateTest" */ = {
			isa = XCConfigurationList;
			buildConfigurations = (
				98260FF91F4358FD00A37129 /* Debug */,
				98260FFA1F4358FD00A37129 /* Release */,
			);
			defaultConfigurationIsVisible = 0;
			defaultConfigurationName = Release;
		};
		98260FFB1F4358FD00A37129 /* Build configuration list for PBXNativeTarget "dateTest" */ = {
			isa = XCConfigurationList;
			buildConfigurations = (
				98260FFC1F4358FD00A37129 /* Debug */,
				98260FFD1F4358FD00A37129 /* Release */,
			);
			defaultConfigurationIsVisible = 0;
		};
/* End XCConfigurationList section */
	};
	rootObject = 98260FE11F4358FD00A37129 /* Project object */;
}
